
Microsoft Visual Studio Solution File, Format Version 12.00
# Visual Studio 15
VisualStudioVersion = 15.0.27004.2009
MinimumVisualStudioVersion = 10.0.40219.1
Project("{FAE04EC0-301F-11D3-BF4B-00C04F79EFBC}") = "DesignPatterns", "DesignPatterns\DesignPatterns.csproj", "{3FF78C2C-5A14-4275-98E8-751A1A4398E3}"
EndProject
Project("{FAE04EC0-301F-11D3-BF4B-00C04F79EFBC}") = "SingleTon", "SingleTon\SingleTon.csproj", "{63AB3D7A-90E4-444E-993D-C6C3475D1969}"
EndProject
Global
	GlobalSection(SolutionConfigurationPlatforms) = preSolution
		Debug|Any CPU = Debug|Any CPU
		Release|Any CPU = Release|Any CPU
	EndGlobalSection
	GlobalSection(ProjectConfigurationPlatforms) = postSolution
		{3FF78C2C-5A14-4275-98E8-751A1A4398E3}.Debug|Any CPU.ActiveCfg = Debug|Any CPU
		{3FF78C2C-5A14-4275-98E8-751A1A4398E3}.Debug|Any CPU.Build.0 = Debug|Any CPU
		{3FF78C2C-5A14-4275-98E8-751A1A4398E3}.Release|Any CPU.ActiveCfg = Release|Any CPU
		{3FF78C2C-5A14-4275-98E8-751A1A4398E3}.Release|Any CPU.Build.0 = Release|Any CPU
		{63AB3D7A-90E4-444E-993D-C6C3475D1969}.Debug|Any CPU.ActiveCfg = Debug|Any CPU
		{63AB3D7A-90E4-444E-993D-C6C3475D1969}.Debug|Any CPU.Build.0 = Debug|Any CPU
		{63AB3D7A-90E4-444E-993D-C6C3475D1969}.Release|Any CPU.ActiveCfg = Release|Any CPU
		{63AB3D7A-90E4-444E-993D-C6C3475D1969}.Release|Any CPU.Build.0 = Release|Any CPU
	EndGlobalSection
	GlobalSection(SolutionProperties) = preSolution
		HideSolutionNode = FALSE
	EndGlobalSection
	GlobalSection(ExtensibilityGlobals) = postSolution
		SolutionGuid = {16A42B99-5740-4A0D-835F-DDA48AB77253}
	EndGlobalSection
EndGlobal
